github.com/joho/godotenv v1.4.0 h1:3l4+N6zfMWnkbPEXKng2o2/MR5mSwTrBih4ZEkkz1lg=
github.com/joho/godotenv v1.4.0/go.mod h1:f4LDr5Voq0i2e/R5DDNOoa2zzDfwtkZa6DnEwAbqwq4=
github.com/rs/cors v1.8.2 h1:KCooALfAYGs415Cwu5ABvv9n9509fSiG5SQJn/AQo4U=
github.com/rs/cors v1.8.2/go.mod h1:XyqrcTp5zjWr1wsJ8PIRZssZ8b/WMcMf71DJnit4EMU=
github.com/unrolled/secure v1.12.0 h1:7k3jcgLwfjiKkhQde6VbQ3D4KDLtDBqDd/hs3PPANDY=
github.com/unrolled/secure v1.12.0/go.mod h1:BmF5hyM6tXczk3MpQkFf1hpKSRqCyhqcbiQtiAF7+40=
